// !$*UTF8*$!
{
	archiveVersion = 1;
	classes = {
	};
	objectVersion = 46;
	objects = {

/* Begin PBXBuildFile section */
		ED9E28791BE40D5700C45E45 /* AppDelegate.swift in Sources */ = {isa = PBXBuildFile; fileRef = ED9E28781BE40D5700C45E45 /* AppDelegate.swift */; };
		ED9E287B1BE40D5700C45E45 /* ViewController.swift in Sources */ = {isa = PBXBuildFile; fileRef = ED9E287A1BE40D5700C45E45 /* ViewController.swift */; };
		ED9E287E1BE40D5700C45E45 /* Main.storyboard in Resources */ = {isa = PBXBuildFile; fileRef = ED9E287C1BE40D5700C45E45 /* Main.storyboard */; };
		ED9E28801BE40D5700C45E45 /* Assets.xcassets in Resources */ = {isa = PBXBuildFile; fileRef = ED9E287F1BE40D5700C45E45 /* Assets.xcassets */; };
		ED9E28831BE40D5700C45E45 /* LaunchScreen.storyboard in Resources */ = {isa = PBXBuildFile; fileRef = ED9E28811BE40D5700C45E45 /* LaunchScreen.storyboard */; };
		ED9E288E1BE40D5700C45E45 /* GengifTests.swift in Sources */ = {isa = PBXBuildFile; fileRef = ED9E288D1BE40D5700C45E45 /* GengifTests.swift */; };
		ED9E28991BE40D5700C45E45 /* GengifUITests.swift in Sources */ = {isa = PBXBuildFile; fileRef = ED9E28981BE40D5700C45E45 /* GengifUITests.swift */; };
/* End PBXBuildFile section */

/* Begin PBXContainerItemProxy section */
		ED9E288A1BE40D5700C45E45 /* PBXContainerItemProxy */ = {
			isa = PBXContainerItemProxy;
			containerPortal = ED9E286D1BE40D5700C45E45 /* Project object */;
			proxyType = 1;
			remoteGlobalIDString = ED9E28741BE40D5700C45E45;
			remoteInfo = Gengif;
		};
		ED9E28951BE40D5700C45E45 /* PBXContainerItemProxy */ = {
			isa = PBXContainerItemProxy;
			containerPortal = ED9E286D1BE40D5700C45E45 /* Project object */;
			proxyType = 1;
			remoteGlobalIDString = ED9E28741BE40D5700C45E45;
			remoteInfo = Gengif;
		};
/* End PBXContainerItemProxy section */

/* Begin PBXFileReference section */
		ED9E28751BE40D5700C45E45 /* Gengif.app */ = {isa = PBXFileReference; explicitFileType = wrapper.application; includeInIndex = 0; path = Gengif.app; sourceTree = BUILT_PRODUCTS_DIR; };
		ED9E28781BE40D5700C45E45 /* AppDelegate.swift */ = {isa = PBXFileReference; lastKnownFileType = sourcecode.swift; path = AppDelegate.swift; sourceTree = "<group>"; };
		ED9E287A1BE40D5700C45E45 /* ViewController.swift */ = {isa = PBXFileReference; lastKnownFileType = sourcecode.swift; path = ViewController.swift; sourceTree = "<group>"; };
		ED9E287D1BE40D5700C45E45 /* Base */ = {isa = PBXFileReference; lastKnownFileType = file.storyboard; name = Base; path = Base.lproj/Main.storyboard; sourceTree = "<group>"; };
		ED9E287F1BE40D5700C45E45 /* Assets.xcassets */ = {isa = PBXFileReference; lastKnownFileType = folder.assetcatalog; path = Assets.xcassets; sourceTree = "<group>"; };
		ED9E28821BE40D5700C45E45 /* Base */ = {isa = PBXFileReference; lastKnownFileType = file.storyboard; name = Base; path = Base.lproj/LaunchScreen.storyboard; sourceTree = "<group>"; };
		ED9E28841BE40D5700C45E45 /* Info.plist */ = {isa = PBXFileReference; lastKnownFileType = text.plist.xml; path = Info.plist; sourceTree = "<group>"; };
		ED9E28891BE40D5700C45E45 /* GengifTests.xctest */ = {isa = PBXFileReference; explicitFileType = wrapper.cfbundle; includeInIndex = 0; path = GengifTests.xctest; sourceTree = BUILT_PRODUCTS_DIR; };
		ED9E288D1BE40D5700C45E45 /* GengifTests.swift */ = {isa = PBXFileReference; lastKnownFileType = sourcecode.swift; path = GengifTests.swift; sourceTree = "<group>"; };
		ED9E288F1BE40D5700C45E45 /* Info.plist */ = {isa = PBXFileReference; lastKnownFileType = text.plist.xml; path = Info.plist; sourceTree = "<group>"; };
		ED9E28941BE40D5700C45E45 /* GengifUITests.xctest */ = {isa = PBXFileReference; explicitFileType = wrapper.cfbundle; includeInIndex = 0; path = GengifUITests.xctest; sourceTree = BUILT_PRODUCTS_DIR; };
		ED9E28981BE40D5700C45E45 /* GengifUITests.swift */ = {isa = PBXFileReference; lastKnownFileType = sourcecode.swift; path = GengifUITests.swift; sourceTree = "<group>"; };
		ED9E289A1BE40D5700C45E45 /* Info.plist */ = {isa = PBXFileReference; lastKnownFileType = text.plist.xml; path = Info.plist; sourceTree = "<group>"; };
/* End PBXFileReference section */

/* Begin PBXFrameworksBuildPhase section */
		ED9E28721BE40D5700C45E45 /* Frameworks */ = {
			isa = PBXFrameworksBuildPhase;
			buildActionMask = 2147483647;
			files = (
			);
			runOnlyForDeploymentPostprocessing = 0;
		};
		ED9E28861BE40D5700C45E45 /* Frameworks */ = {
			isa = PBXFrameworksBuildPhase;
			buildActionMask = 2147483647;
			files = (
			);
			runOnlyForDeploymentPostprocessing = 0;
		};
		ED9E28911BE40D5700C45E45 /* Frameworks */ = {
			isa = PBXFrameworksBuildPhase;
			buildActionMask = 2147483647;
			files = (
			);
			runOnlyForDeploymentPostprocessing = 0;
		};
/* End PBXFrameworksBuildPhase section */

/* Begin PBXGroup section */
		ED9E286C1BE40D5700C45E45 = {
			isa = PBXGroup;
			children = (
				ED9E28771BE40D5700C45E45 /* Gengif */,
				ED9E288C1BE40D5700C45E45 /* GengifTests */,
				ED9E28971BE40D5700C45E45 /* GengifUITests */,
				ED9E28761BE40D5700C45E45 /* Products */,
			);
			sourceTree = "<group>";
		};
		ED9E28761BE40D5700C45E45 /* Products */ = {
			isa = PBXGroup;
			children = (
				ED9E28751BE40D5700C45E45 /* Gengif.app */,
				ED9E28891BE40D5700C45E45 /* GengifTests.xctest */,
				ED9E28941BE40D5700C45E45 /* GengifUITests.xctest */,
			);
			name = Products;
			sourceTree = "<group>";
		};
		ED9E28771BE40D5700C45E45 /* Gengif */ = {
			isa = PBXGroup;
			children = (
				ED9E28781BE40D5700C45E45 /* AppDelegate.swift */,
				ED9E287A1BE40D5700C45E45 /* ViewController.swift */,
				ED9E287C1BE40D5700C45E45 /* Main.storyboard */,
				ED9E287F1BE40D5700C45E45 /* Assets.xcassets */,
				ED9E28811BE40D5700C45E45 /* LaunchScreen.storyboard */,
				ED9E28841BE40D5700C45E45 /* Info.plist */,
			);
			path = Gengif;
			sourceTree = "<group>";
		};
		ED9E288C1BE40D5700C45E45 /* GengifTests */ = {
			isa = PBXGroup;
			children = (
				ED9E288D1BE40D5700C45E45 /* GengifTests.swift */,
				ED9E288F1BE40D5700C45E45 /* Info.plist */,
			);
			path = GengifTests;
			sourceTree = "<group>";
		};
		ED9E28971BE40D5700C45E45 /* GengifUITests */ = {
			isa = PBXGroup;
			children = (
				ED9E28981BE40D5700C45E45 /* GengifUITests.swift */,
				ED9E289A1BE40D5700C45E45 /* Info.plist */,
			);
			path = GengifUITests;
			sourceTree = "<group>";
		};
/* End PBXGroup section */

/* Begin PBXNativeTarget section */
		ED9E28741BE40D5700C45E45 /* Gengif */ = {
			isa = PBXNativeTarget;
			buildConfigurationList = ED9E289D1BE40D5700C45E45 /* Build configuration list for PBXNativeTarget "Gengif" */;
			buildPhases = (
				ED9E28711BE40D5700C45E45 /* Sources */,
				ED9E28721BE40D5700C45E45 /* Frameworks */,
				ED9E28731BE40D5700C45E45 /* Resources */,
			);
			buildRules = (
			);
			dependencies = (
			);
			name = Gengif;
			productName = Gengif;
			productReference = ED9E28751BE40D5700C45E45 /* Gengif.app */;
			productType = "com.apple.product-type.application";
		};
		ED9E28881BE40D5700C45E45 /* GengifTests */ = {
			isa = PBXNativeTarget;
			buildConfigurationList = ED9E28A01BE40D5700C45E45 /* Build configuration list for PBXNativeTarget "GengifTests" */;
			buildPhases = (
				ED9E28851BE40D5700C45E45 /* Sources */,
				ED9E28861BE40D5700C45E45 /* Frameworks */,
				ED9E28871BE40D5700C45E45 /* Resources */,
			);
			buildRules = (
			);
			dependencies = (
				ED9E288B1BE40D5700C45E45 /* PBXTargetDependency */,
			);
			name = GengifTests;
			productName = GengifTests;
			productReference = ED9E28891BE40D5700C45E45 /* GengifTests.xctest */;
			productType = "com.apple.product-type.bundle.unit-test";
		};
		ED9E28931BE40D5700C45E45 /* GengifUITests */ = {
			isa = PBXNativeTarget;
			buildConfigurationList = ED9E28A31BE40D5700C45E45 /* Build configuration list for PBXNativeTarget "GengifUITests" */;
			buildPhases = (
				ED9E28901BE40D5700C45E45 /* Sources */,
				ED9E28911BE40D5700C45E45 /* Frameworks */,
				ED9E28921BE40D5700C45E45 /* Resources */,
			);
			buildRules = (
			);
			dependencies = (
				ED9E28961BE40D5700C45E45 /* PBXTargetDependency */,
			);
			name = GengifUITests;
			productName = GengifUITests;
			productReference = ED9E28941BE40D5700C45E45 /* GengifUITests.xctest */;
			productType = "com.apple.product-type.bundle.ui-testing";
		};
/* End PBXNativeTarget section */

/* Begin PBXProject section */
		ED9E286D1BE40D5700C45E45 /* Project object */ = {
			isa = PBXProject;
			attributes = {
				LastUpgradeCheck = 0700;
				ORGANIZATIONNAME = "Promeet Mansata";
				TargetAttributes = {
					ED9E28741BE40D5700C45E45 = {
						CreatedOnToolsVersion = 7.0.1;
					};
					ED9E28881BE40D5700C45E45 = {
						CreatedOnToolsVersion = 7.0.1;
						TestTargetID = ED9E28741BE40D5700C45E45;
					};
					ED9E28931BE40D5700C45E45 = {
						CreatedOnToolsVersion = 7.0.1;
						TestTargetID = ED9E28741BE40D5700C45E45;
					};
				};
			};
			buildConfigurationList = ED9E28701BE40D5700C45E45 /* Build configuration list for PBXProject "Gengif" */;
			compatibilityVersion = "Xcode 3.2";
			developmentRegion = English;
			hasScannedForEncodings = 0;
			knownRegions = (
				en,
				Base,
			);
			mainGroup = ED9E286C1BE40D5700C45E45;
			productRefGroup = ED9E28761BE40D5700C45E45 /* Products */;
			projectDirPath = "";
			projectRoot = "";
			targets = (
				ED9E28741BE40D5700C45E45 /* Gengif */,
				ED9E28881BE40D5700C45E45 /* GengifTests */,
				ED9E28931BE40D5700C45E45 /* GengifUITests */,
			);
		};
/* End PBXProject section */

/* Begin PBXResourcesBuildPhase section */
		ED9E28731BE40D5700C45E45 /* Resources */ = {
			isa = PBXResourcesBuildPhase;
			buildActionMask = 2147483647;
			files = (
				ED9E28831BE40D5700C45E45 /* LaunchScreen.storyboard in Resources */,
				ED9E28801BE40D5700C45E45 /* Assets.xcassets in Resources */,
				ED9E287E1BE40D5700C45E45 /* Main.storyboard in Resources */,
			);
			runOnlyForDeploymentPostprocessing = 0;
		};
		ED9E28871BE40D5700C45E45 /* Resources */ = {
			isa = PBXResourcesBuildPhase;
			buildActionMask = 2147483647;
			files = (
			);
			runOnlyForDeploymentPostprocessing = 0;
		};
		ED9E28921BE40D5700C45E45 /* Resources */ = {
			isa = PBXResourcesBuildPhase;
			buildActionMask = 2147483647;
			files = (
			);
			runOnlyForDeploymentPostprocessing = 0;
		};
/* End PBXResourcesBuildPhase section */

/* Begin PBXSourcesBuildPhase section */
		ED9E28711BE40D5700C45E45 /* Sources */ = {
			isa = PBXSourcesBuildPhase;
			buildActionMask = 2147483647;
			files = (
				ED9E287B1BE40D5700C45E45 /* ViewController.swift in Sources */,
				ED9E28791BE40D5700C45E45 /* AppDelegate.swift in Sources */,
			);
			runOnlyForDeploymentPostprocessing = 0;
		};
		ED9E28851BE40D5700C45E45 /* Sources */ = {
			isa = PBXSourcesBuildPhase;
			buildActionMask = 2147483647;
			files = (
				ED9E288E1BE40D5700C45E45 /* GengifTests.swift in Sources */,
			);
			runOnlyForDeploymentPostprocessing = 0;
		};
		ED9E28901BE40D5700C45E45 /* Sources */ = {
			isa = PBXSourcesBuildPhase;
			buildActionMask = 2147483647;
			files = (
				ED9E28991BE40D5700C45E45 /* GengifUITests.swift in Sources */,
			);
			runOnlyForDeploymentPostprocessing = 0;
		};
/* End PBXSourcesBuildPhase section */

/* Begin PBXTargetDependency section */
		ED9E288B1BE40D5700C45E45 /* PBXTargetDependency */ = {
			isa = PBXTargetDependency;
			target = ED9E28741BE40D5700C45E45 /* Gengif */;
			targetProxy = ED9E288A1BE40D5700C45E45 /* PBXContainerItemProxy */;
		};
		ED9E28961BE40D5700C45E45 /* PBXTargetDependency */ = {
			isa = PBXTargetDependency;
			target = ED9E28741BE40D5700C45E45 /* Gengif */;
			targetProxy = ED9E28951BE40D5700C45E45 /* PBXContainerItemProxy */;
		};
/* End PBXTargetDependency section */

/* Begin PBXVariantGroup section */
		ED9E287C1BE40D5700C45E45 /* Main.storyboard */ = {
			isa = PBXVariantGroup;
			children = (
				ED9E287D1BE40D5700C45E45 /* Base */,
			);
			name = Main.storyboard;
			sourceTree = "<group>";
		};
		ED9E28811BE40D5700C45E45 /* LaunchScreen.storyboard */ = {
			isa = PBXVariantGroup;
			children = (
				ED9E28821BE40D5700C45E45 /* Base */,
			);
			name = LaunchScreen.storyboard;
			sourceTree = "<group>";
		};
/* End PBXVariantGroup section */

/* Begin XCBuildConfiguration section */
		ED9E289B1BE40D5700C45E45 /* Debug */ = {
			isa = XCBuildConfiguration;
			buildSettings = {
				ALWAYS_SEARCH_USER_PATHS = NO;
				CLANG_CXX_LANGUAGE_STANDARD = "gnu++0x";
				CLANG_CXX_LIBRARY = "libc++";
				CLANG_ENABLE_MODULES = YES;
				CLANG_ENABLE_OBJC_ARC = YES;
				CLANG_WARN_BOOL_CONVERSION = YES;
				CLANG_WARN_CONSTANT_CONVERSION = YES;
				CLANG_WARN_DIRECT_OBJC_ISA_USAGE = YES_ERROR;
				CLANG_WARN_EMPTY_BODY = YES;
				CLANG_WARN_ENUM_CONVERSION = YES;
				CLANG_WARN_INT_CONVERSION = YES;
				CLANG_WARN_OBJC_ROOT_CLASS = YES_ERROR;
				CLANG_WARN_UNREACHABLE_CODE = YES;
				CLANG_WARN__DUPLICATE_METHOD_MATCH = YES;
				"CODE_SIGN_IDENTITY[sdk=iphoneos*]" = "iPhone Developer";
				COPY_PHASE_STRIP = NO;
				DEBUG_INFORMATION_FORMAT = dwarf;
				ENABLE_STRICT_OBJC_MSGSEND = YES;
				ENABLE_TESTABILITY = YES;
				GCC_C_LANGUAGE_STANDARD = gnu99;
				GCC_DYNAMIC_NO_PIC = NO;
				GCC_NO_COMMON_BLOCKS = YES;
				GCC_OPTIMIZATION_LEVEL = 0;
				GCC_PREPROCESSOR_DEFINITIONS = (
					"DEBUG=1",
					"$(inherited)",
				);
				GCC_WARN_64_TO_32_BIT_CONVERSION = YES;
				GCC_WARN_ABOUT_RETURN_TYPE = YES_ERROR;
				GCC_WARN_UNDECLARED_SELECTOR = YES;
				GCC_WARN_UNINITIALIZED_AUTOS = YES_AGGRESSIVE;
				GCC_WARN_UNUSED_FUNCTION = YES;
				GCC_WARN_UNUSED_VARIABLE = YES;
				IPHONEOS_DEPLOYMENT_TARGET = 9.0;
				MTL_ENABLE_DEBUG_INFO = YES;
				ONLY_ACTIVE_ARCH = YES;
				SDKROOT = iphoneos;
				SWIFT_OPTIMIZATION_LEVEL = "-Onone";
			};
			name = Debug;
		};
		ED9E289C1BE40D5700C45E45 /* Release */ = {
			isa = XCBuildConfiguration;
			buildSettings = {
				ALWAYS_SEARCH_USER_PATHS = NO;
				CLANG_CXX_LANGUAGE_STANDARD = "gnu++0x";
				CLANG_CXX_LIBRARY = "libc++";
				CLANG_ENABLE_MODULES = YES;
				CLANG_ENABLE_OBJC_ARC = YES;
				CLANG_WARN_BOOL_CONVERSION = YES;
				CLANG_WARN_CONSTANT_CONVERSION = YES;
				CLANG_WARN_DIRECT_OBJC_ISA_USAGE = YES_ERROR;
				CLANG_WARN_EMPTY_BODY = YES;
				CLANG_WARN_ENUM_CONVERSION = YES;
				CLANG_WARN_INT_CONVERSION = YES;
				CLANG_WARN_OBJC_ROOT_CLASS = YES_ERROR;
				CLANG_WARN_UNREACHABLE_CODE = YES;
				CLANG_WARN__DUPLICATE_METHOD_MATCH = YES;
				"CODE_SIGN_IDENTITY[sdk=iphoneos*]" = "iPhone Developer";
				COPY_PHASE_STRIP = NO;
				DEBUG_INFORMATION_FORMAT = "dwarf-with-dsym";
				ENABLE_NS_ASSERTIONS = NO;
				ENABLE_STRICT_OBJC_MSGSEND = YES;
				GCC_C_LANGUAGE_STANDARD = gnu99;
				GCC_NO_COMMON_BLOCKS = YES;
				GCC_WARN_64_TO_32_BIT_CONVERSION = YES;
				GCC_WARN_ABOUT_RETURN_TYPE = YES_ERROR;
				GCC_WARN_UNDECLARED_SELECTOR = YES;
				GCC_WARN_UNINITIALIZED_AUTOS = YES_AGGRESSIVE;
				GCC_WARN_UNUSED_FUNCTION = YES;
				GCC_WARN_UNUSED_VARIABLE = YES;
				IPHONEOS_DEPLOYMENT_TARGET = 9.0;
				MTL_ENABLE_DEBUG_INFO = NO;
				SDKROOT = iphoneos;
				VALIDATE_PRODUCT = YES;
			};
			name = Release;
		};
		ED9E289E1BE40D5700C45E45 /* Debug */ = {
			isa = XCBuildConfiguration;
			buildSettings = {
				ASSETCATALOG_COMPILER_APPICON_NAME = AppIcon;
				INFOPLIST_FILE = Gengif/Info.plist;
				LD_RUNPATH_SEARCH_PATHS = "$(inherited) @executable_path/Frameworks";
				PRODUCT_BUNDLE_IDENTIFIER = com.pmansata.Gengif;
				PRODUCT_NAME = "$(TARGET_NAME)";
			};
			name = Debug;
		};
		ED9E289F1BE40D5700C45E45 /* Release */ = {
			isa = XCBuildConfiguration;
			buildSettings = {
				ASSETCATALOG_COMPILER_APPICON_NAME = AppIcon;
				INFOPLIST_FILE = Gengif/Info.plist;
				LD_RUNPATH_SEARCH_PATHS = "$(inherited) @executable_path/Frameworks";
				PRODUCT_BUNDLE_IDENTIFIER = com.pmansata.Gengif;
				PRODUCT_NAME = "$(TARGET_NAME)";
			};
			name = Release;
		};
		ED9E28A11BE40D5700C45E45 /* Debug */ = {
			isa = XCBuildConfiguration;
			buildSettings = {
				BUNDLE_LOADER = "$(TEST_HOST)";
				INFOPLIST_FILE = GengifTests/Info.plist;
				LD_RUNPATH_SEARCH_PATHS = "$(inherited) @executable_path/Frameworks @loader_path/Frameworks";
				PRODUCT_BUNDLE_IDENTIFIER = com.pmansata.GengifTests;
				PRODUCT_NAME = "$(TARGET_NAME)";
				TEST_HOST = "$(BUILT_PRODUCTS_DIR)/Gengif.app/Gengif";
			};
			name = Debug;
		};
		ED9E28A21BE40D5700C45E45 /* Release */ = {
			isa = XCBuildConfiguration;
			buildSettings = {
				BUNDLE_LOADER = "$(TEST_HOST)";
				INFOPLIST_FILE = GengifTests/Info.plist;
				LD_RUNPATH_SEARCH_PATHS = "$(inherited) @executable_path/Frameworks @loader_path/Frameworks";
				PRODUCT_BUNDLE_IDENTIFIER = com.pmansata.GengifTests;
				PRODUCT_NAME = "$(TARGET_NAME)";
				TEST_HOST = "$(BUILT_PRODUCTS_DIR)/Gengif.app/Gengif";
			};
			name = Release;
		};
		ED9E28A41BE40D5700C45E45 /* Debug */ = {
			isa = XCBuildConfiguration;
			buildSettings = {
				INFOPLIST_FILE = GengifUITests/Info.plist;
				LD_RUNPATH_SEARCH_PATHS = "$(inherited) @executable_path/Frameworks @loader_path/Frameworks";
				PRODUCT_BUNDLE_IDENTIFIER = com.pmansata.GengifUITests;
				PRODUCT_NAME = "$(TARGET_NAME)";
				TEST_TARGET_NAME = Gengif;
				USES_XCTRUNNER = YES;
			};
			name = Debug;
		};
		ED9E28A51BE40D5700C45E45 /* Release */ = {
			isa = XCBuildConfiguration;
			buildSettings = {
				INFOPLIST_FILE = GengifUITests/Info.plist;
				LD_RUNPATH_SEARCH_PATHS = "$(inherited) @executable_path/Frameworks @loader_path/Frameworks";
				PRODUCT_BUNDLE_IDENTIFIER = com.pmansata.GengifUITests;
				PRODUCT_NAME = "$(TARGET_NAME)";
				TEST_TARGET_NAME = Gengif;
				USES_XCTRUNNER = YES;
			};
			name = Release;
		};
/* End XCBuildConfiguration section */

/* Begin XCConfigurationList section */
		ED9E28701BE40D5700C45E45 /* Build configuration list for PBXProject "Gengif" */ = {
			isa = XCConfigurationList;
			buildConfigurations = (
				ED9E289B1BE40D5700C45E45 /* Debug */,
				ED9E289C1BE40D5700C45E45 /* Release */,
			);
			defaultConfigurationIsVisible = 0;
			defaultConfigurationName = Release;
		};
		ED9E289D1BE40D5700C45E45 /* Build configuration list for PBXNativeTarget "Gengif" */ = {
			isa = XCConfigurationList;
			buildConfigurations = (
				ED9E289E1BE40D5700C45E45 /* Debug */,
				ED9E289F1BE40D5700C45E45 /* Release */,
			);
			defaultConfigurationIsVisible = 0;
		};
		ED9E28A01BE40D5700C45E45 /* Build configuration list for PBXNativeTarget "GengifTests" */ = {
			isa = XCConfigurationList;
			buildConfigurations = (
				ED9E28A11BE40D5700C45E45 /* Debug */,
				ED9E28A21BE40D5700C45E45 /* Release */,
			);
			defaultConfigurationIsVisible = 0;
		};
		ED9E28A31BE40D5700C45E45 /* Build configuration list for PBXNativeTarget "GengifUITests" */ = {
			isa = XCConfigurationList;
			buildConfigurations = (
				ED9E28A41BE40D5700C45E45 /* Debug */,
				ED9E28A51BE40D5700C45E45 /* Release */,
			);
			defaultConfigurationIsVisible = 0;
		};
/* End XCConfigurationList section */
	};
	rootObject = ED9E286D1BE40D5700C45E45 /* Project object */;
}
